// !$*UTF8*$!
{
	archiveVersion = 1;
	classes = {
	};
	objectVersion = 77;
	objects = {

/* Begin PBXBuildFile section */
		DD3C32F22FDD826700B8AC17 /* FirebaseAnalytics in Frameworks */ = {isa = PBXBuildFile; productRef = FB002ANALYTICS000000001 /* FirebaseAnalytics */; };
		DD3C32F32FDD826700B8AC17 /* FirebaseCrashlytics in Frameworks */ = {isa = PBXBuildFile; productRef = FB003CRASHLYTICS000001 /* FirebaseCrashlytics */; };
		DD3C341D2FDD873200B8AC17 /* GoogleMobileAds in Frameworks */ = {isa = PBXBuildFile; productRef = ADMOB002PRODUCT0001 /* GoogleMobileAds */; };
		DD3C341E2FDD874000B8AC18 /* GoogleUserMessagingPlatform in Frameworks */ = {isa = PBXBuildFile; productRef = UMP002PRODUCT0001 /* GoogleUserMessagingPlatform */; };
		LAEXTCPYFILE00000000001 /* DecibelProLiveActivity.appex in Embed Foundation Extensions */ = {isa = PBXBuildFile; fileRef = LAEXTREF000000000001 /* DecibelProLiveActivity.appex */; settings = {ATTRIBUTES = (RemoveHeadersOnCopy, ); }; };
/* End PBXBuildFile section */

/* Begin PBXContainerItemProxy section */
		LAEXTPRX00000000000001 /* PBXContainerItemProxy */ = {
			isa = PBXContainerItemProxy;
			containerPortal = DD3C1F902FD969F500B8AC17 /* Project object */;
			proxyType = 1;
			remoteGlobalIDString = LAEXTTGT000000000001;
			remoteInfo = DecibelProLiveActivityExtension;
		};
		TEST007TESTS00000000000001 /* PBXContainerItemProxy */ = {
			isa = PBXContainerItemProxy;
			containerPortal = DD3C1F902FD969F500B8AC17 /* Project object */;
			proxyType = 1;
			remoteGlobalIDString = DD3C1F972FD969F500B8AC17;
			remoteInfo = NoiseRecord;
		};
/* End PBXContainerItemProxy section */

/* Begin PBXCopyFilesBuildPhase section */
		LAEXTCPY00000000000001 /* Embed Foundation Extensions */ = {
			isa = PBXCopyFilesBuildPhase;
			buildActionMask = 2147483647;
			dstPath = "";
			dstSubfolderSpec = 13;
			files = (
				LAEXTCPYFILE00000000001 /* DecibelProLiveActivity.appex in Embed Foundation Extensions */,
			);
			name = "Embed Foundation Extensions";
			runOnlyForDeploymentPostprocessing = 0;
		};
/* End PBXCopyFilesBuildPhase section */

/* Begin PBXFileReference section */
		DD3C1F982FD969F500B8AC17 /* NoiseRecord.app */ = {isa = PBXFileReference; explicitFileType = wrapper.application; includeInIndex = 0; path = NoiseRecord.app; sourceTree = BUILT_PRODUCTS_DIR; };
		LAEXTREF000000000001 /* DecibelProLiveActivity.appex */ = {isa = PBXFileReference; explicitFileType = "wrapper.app-extension"; includeInIndex = 0; name = DecibelProLiveActivity.appex; path = DecibelProLiveActivityExtension.appex; sourceTree = BUILT_PRODUCTS_DIR; };
		SKCFG0000000000000001 /* DecibelPro.storekit */ = {isa = PBXFileReference; lastKnownFileType = text; path = DecibelPro.storekit; sourceTree = "<group>"; };
		TEST001TESTS00000000000001 /* NoiseRecordTests.xctest */ = {isa = PBXFileReference; explicitFileType = wrapper.cfbundle; includeInIndex = 0; path = NoiseRecordTests.xctest; sourceTree = BUILT_PRODUCTS_DIR; };
/* End PBXFileReference section */

/* Begin PBXFileSystemSynchronizedBuildFileExceptionSet section */
		LAEXTEXC00000000000001 /* Exceptions for "DecibelProLiveActivity" folder in "DecibelProLiveActivityExtension" target */ = {
			isa = PBXFileSystemSynchronizedBuildFileExceptionSet;
			membershipExceptions = (
				Info.plist,
			);
			target = LAEXTTGT000000000001 /* DecibelProLiveActivityExtension */;
		};
/* End PBXFileSystemSynchronizedBuildFileExceptionSet section */

/* Begin PBXFileSystemSynchronizedRootGroup section */
		DD3C1F9A2FD969F500B8AC17 /* NoiseRecord */ = {
			isa = PBXFileSystemSynchronizedRootGroup;
			path = NoiseRecord;
			sourceTree = "<group>";
		};
		LAEXTGRP00000000000001 /* DecibelProLiveActivity */ = {
			isa = PBXFileSystemSynchronizedRootGroup;
			exceptions = (
				LAEXTEXC00000000000001 /* Exceptions for "DecibelProLiveActivity" folder in "DecibelProLiveActivityExtension" target */,
			);
			path = DecibelProLiveActivity;
			sourceTree = "<group>";
		};
		SHARED000000000000000001 /* SharedLiveActivity */ = {
			isa = PBXFileSystemSynchronizedRootGroup;
			path = SharedLiveActivity;
			sourceTree = "<group>";
		};
		TEST002TESTS00000000000001 /* NoiseRecordTests */ = {
			isa = PBXFileSystemSynchronizedRootGroup;
			path = NoiseRecordTests;
			sourceTree = "<group>";
		};
/* End PBXFileSystemSynchronizedRootGroup section */

/* Begin PBXFrameworksBuildPhase section */
		DD3C1F952FD969F500B8AC17 /* Frameworks */ = {
			isa = PBXFrameworksBuildPhase;
			buildActionMask = 2147483647;
			files = (
				DD3C341E2FDD874000B8AC18 /* GoogleUserMessagingPlatform in Frameworks */,
				DD3C341D2FDD873200B8AC17 /* GoogleMobileAds in Frameworks */,
				DD3C32F32FDD826700B8AC17 /* FirebaseCrashlytics in Frameworks */,
				DD3C32F22FDD826700B8AC17 /* FirebaseAnalytics in Frameworks */,
			);
			runOnlyForDeploymentPostprocessing = 0;
		};
		LAEXTFRM00000000000001 /* Frameworks */ = {
			isa = PBXFrameworksBuildPhase;
			buildActionMask = 2147483647;
			files = (
			);
			runOnlyForDeploymentPostprocessing = 0;
		};
		TEST005TESTS00000000000001 /* Frameworks */ = {
			isa = PBXFrameworksBuildPhase;
			buildActionMask = 2147483647;
			files = (
			);
			runOnlyForDeploymentPostprocessing = 0;
		};
/* End PBXFrameworksBuildPhase section */

/* Begin PBXGroup section */
		DD3C1F8F2FD969F500B8AC17 = {
			isa = PBXGroup;
			children = (
				SKCFG0000000000000001 /* DecibelPro.storekit */,
				DD3C1F9A2FD969F500B8AC17 /* NoiseRecord */,
				SHARED000000000000000001 /* SharedLiveActivity */,
				LAEXTGRP00000000000001 /* DecibelProLiveActivity */,
				TEST002TESTS00000000000001 /* NoiseRecordTests */,
				DD3C1F992FD969F500B8AC17 /* Products */,
			);
			sourceTree = "<group>";
		};
		DD3C1F992FD969F500B8AC17 /* Products */ = {
			isa = PBXGroup;
			children = (
				DD3C1F982FD969F500B8AC17 /* NoiseRecord.app */,
				LAEXTREF000000000001 /* DecibelProLiveActivity.appex */,
				TEST001TESTS00000000000001 /* NoiseRecordTests.xctest */,
			);
			name = Products;
			sourceTree = "<group>";
		};
/* End PBXGroup section */

/* Begin PBXNativeTarget section */
		DD3C1F972FD969F500B8AC17 /* NoiseRecord */ = {
			isa = PBXNativeTarget;
			buildConfigurationList = DD3C1FA52FD969F700B8AC17 /* Build configuration list for PBXNativeTarget "NoiseRecord" */;
			buildPhases = (
				DD3C1F942FD969F500B8AC17 /* Sources */,
				DD3C1F952FD969F500B8AC17 /* Frameworks */,
				DD3C1F962FD969F500B8AC17 /* Resources */,
				LAEXTCPY00000000000001 /* Embed Foundation Extensions */,
				FB004CRASHSCRIPT00001 /* Upload Crashlytics Symbols */,
			);
			buildRules = (
			);
			dependencies = (
				LAEXTDEP00000000000001 /* PBXTargetDependency */,
			);
			fileSystemSynchronizedGroups = (
				DD3C1F9A2FD969F500B8AC17 /* NoiseRecord */,
				SHARED000000000000000001 /* SharedLiveActivity */,
			);
			name = NoiseRecord;
			packageProductDependencies = (
				FB002ANALYTICS000000001 /* FirebaseAnalytics */,
				FB003CRASHLYTICS000001 /* FirebaseCrashlytics */,
				ADMOB002PRODUCT0001 /* GoogleMobileAds */,
				UMP002PRODUCT0001 /* GoogleUserMessagingPlatform */,
			);
			productName = NoiseRecord;
			productReference = DD3C1F982FD969F500B8AC17 /* NoiseRecord.app */;
			productType = "com.apple.product-type.application";
		};
		LAEXTTGT000000000001 /* DecibelProLiveActivityExtension */ = {
			isa = PBXNativeTarget;
			buildConfigurationList = LAEXTCFGLIST0000000001 /* Build configuration list for PBXNativeTarget "DecibelProLiveActivityExtension" */;
			buildPhases = (
				LAEXTSRC00000000000001 /* Sources */,
				LAEXTFRM00000000000001 /* Frameworks */,
				LAEXTRES00000000000001 /* Resources */,
			);
			buildRules = (
			);
			dependencies = (
			);
			fileSystemSynchronizedGroups = (
				LAEXTGRP00000000000001 /* DecibelProLiveActivity */,
				SHARED000000000000000001 /* SharedLiveActivity */,
			);
			name = DecibelProLiveActivityExtension;
			packageProductDependencies = (
			);
			productName = DecibelProLiveActivityExtension;
			productReference = LAEXTREF000000000001 /* DecibelProLiveActivity.appex */;
			productType = "com.apple.product-type.app-extension";
		};
		TEST003TESTS00000000000001 /* NoiseRecordTests */ = {
			isa = PBXNativeTarget;
			buildConfigurationList = TEST011TESTS00000000000001 /* Build configuration list for PBXNativeTarget "NoiseRecordTests" */;
			buildPhases = (
				TEST004TESTS00000000000001 /* Sources */,
				TEST005TESTS00000000000001 /* Frameworks */,
				TEST006TESTS00000000000001 /* Resources */,
			);
			buildRules = (
			);
			dependencies = (
				TEST008TESTS00000000000001 /* PBXTargetDependency */,
			);
			fileSystemSynchronizedGroups = (
				TEST002TESTS00000000000001 /* NoiseRecordTests */,
			);
			name = NoiseRecordTests;
			packageProductDependencies = (
			);
			productName = NoiseRecordTests;
			productReference = TEST001TESTS00000000000001 /* NoiseRecordTests.xctest */;
			productType = "com.apple.product-type.bundle.unit-test";
		};
/* End PBXNativeTarget section */

/* Begin PBXProject section */
		DD3C1F902FD969F500B8AC17 /* Project object */ = {
			isa = PBXProject;
			attributes = {
				BuildIndependentTargetsInParallel = 1;
				LastSwiftUpdateCheck = 2650;
				LastUpgradeCheck = 2650;
				TargetAttributes = {
					DD3C1F972FD969F500B8AC17 = {
						CreatedOnToolsVersion = 26.5;
					};
				};
			};
			buildConfigurationList = DD3C1F932FD969F500B8AC17 /* Build configuration list for PBXProject "NoiseRecord" */;
			developmentRegion = en;
			hasScannedForEncodings = 0;
			knownRegions = (
				en,
				Base,
				ar,
				es,
				fr,
				hi,
				pt,
				ru,
				"zh-Hans",
				"zh-Hant",
			);
			mainGroup = DD3C1F8F2FD969F500B8AC17;
			minimizedProjectReferenceProxies = 1;
			packageReferences = (
				FB001PKGREF000000000001 /* XCRemoteSwiftPackageReference "firebase-ios-sdk" */,
				ADMOB001PKGREF00001 /* XCRemoteSwiftPackageReference "swift-package-manager-google-mobile-ads" */,
				UMP001PKGREF00001 /* XCRemoteSwiftPackageReference "swift-package-manager-google-user-messaging-platform" */,
			);
			preferredProjectObjectVersion = 77;
			productRefGroup = DD3C1F992FD969F500B8AC17 /* Products */;
			projectDirPath = "";
			projectRoot = "";
			targets = (
				DD3C1F972FD969F500B8AC17 /* NoiseRecord */,
				LAEXTTGT000000000001 /* DecibelProLiveActivityExtension */,
				TEST003TESTS00000000000001 /* NoiseRecordTests */,
			);
		};
/* End PBXProject section */

/* Begin PBXResourcesBuildPhase section */
		DD3C1F962FD969F500B8AC17 /* Resources */ = {
			isa = PBXResourcesBuildPhase;
			buildActionMask = 2147483647;
			files = (
			);
			runOnlyForDeploymentPostprocessing = 0;
		};
		LAEXTRES00000000000001 /* Resources */ = {
			isa = PBXResourcesBuildPhase;
			buildActionMask = 2147483647;
			files = (
			);
			runOnlyForDeploymentPostprocessing = 0;
		};
		TEST006TESTS00000000000001 /* Resources */ = {
			isa = PBXResourcesBuildPhase;
			buildActionMask = 2147483647;
			files = (
			);
			runOnlyForDeploymentPostprocessing = 0;
		};
/* End PBXResourcesBuildPhase section */

/* Begin PBXShellScriptBuildPhase section */
		FB004CRASHSCRIPT00001 /* Upload Crashlytics Symbols */ = {
			isa = PBXShellScriptBuildPhase;
			alwaysOutOfDate = 1;
			buildActionMask = 2147483647;
			files = (
			);
			inputFileListPaths = (
			);
			inputPaths = (
				"${DWARF_DSYM_FOLDER_PATH}/${DWARF_DSYM_FILE_NAME}",
				"${DWARF_DSYM_FOLDER_PATH}/${DWARF_DSYM_FILE_NAME}/Contents/Resources/DWARF/${TARGET_NAME}",
				"${DWARF_DSYM_FOLDER_PATH}/${DWARF_DSYM_FILE_NAME}/Contents/Info.plist",
				"$(TARGET_BUILD_DIR)/$(UNLOCALIZED_RESOURCES_FOLDER_PATH)/GoogleService-Info.plist",
				"$(TARGET_BUILD_DIR)/$(EXECUTABLE_PATH)",
			);
			name = "Upload Crashlytics Symbols";
			outputFileListPaths = (
			);
			outputPaths = (
			);
			runOnlyForDeploymentPostprocessing = 0;
			shellPath = /bin/sh;
			shellScript = "\"${BUILD_DIR%/Build/*}/SourcePackages/checkouts/firebase-ios-sdk/Crashlytics/run\"\n";
		};
/* End PBXShellScriptBuildPhase section */

/* Begin PBXSourcesBuildPhase section */
		DD3C1F942FD969F500B8AC17 /* Sources */ = {
			isa = PBXSourcesBuildPhase;
			buildActionMask = 2147483647;
			files = (
			);
			runOnlyForDeploymentPostprocessing = 0;
		};
		LAEXTSRC00000000000001 /* Sources */ = {
			isa = PBXSourcesBuildPhase;
			buildActionMask = 2147483647;
			files = (
			);
			runOnlyForDeploymentPostprocessing = 0;
		};
		TEST004TESTS00000000000001 /* Sources */ = {
			isa = PBXSourcesBuildPhase;
			buildActionMask = 2147483647;
			files = (
			);
			runOnlyForDeploymentPostprocessing = 0;
		};
/* End PBXSourcesBuildPhase section */

/* Begin PBXTargetDependency section */
		LAEXTDEP00000000000001 /* PBXTargetDependency */ = {
			isa = PBXTargetDependency;
			target = LAEXTTGT000000000001 /* DecibelProLiveActivityExtension */;
			targetProxy = LAEXTPRX00000000000001 /* PBXContainerItemProxy */;
		};
		TEST008TESTS00000000000001 /* PBXTargetDependency */ = {
			isa = PBXTargetDependency;
			target = DD3C1F972FD969F500B8AC17 /* NoiseRecord */;
			targetProxy = TEST007TESTS00000000000001 /* PBXContainerItemProxy */;
		};
/* End PBXTargetDependency section */

/* Begin XCBuildConfiguration section */
		DD3C1FA32FD969F700B8AC17 /* Debug */ = {
			isa = XCBuildConfiguration;
			buildSettings = {
				ALWAYS_SEARCH_USER_PATHS = NO;
				ASSETCATALOG_COMPILER_GENERATE_SWIFT_ASSET_SYMBOL_EXTENSIONS = YES;
				CLANG_ANALYZER_NONNULL = YES;
				CLANG_ANALYZER_NUMBER_OBJECT_CONVERSION = YES_AGGRESSIVE;
				CLANG_CXX_LANGUAGE_STANDARD = "gnu++20";
				CLANG_ENABLE_MODULES = YES;
				CLANG_ENABLE_OBJC_ARC = YES;
				CLANG_ENABLE_OBJC_WEAK = YES;
				CLANG_WARN_BLOCK_CAPTURE_AUTORELEASING = YES;
				CLANG_WARN_BOOL_CONVERSION = YES;
				CLANG_WARN_COMMA = YES;
				CLANG_WARN_CONSTANT_CONVERSION = YES;
				CLANG_WARN_DEPRECATED_OBJC_IMPLEMENTATIONS = YES;
				CLANG_WARN_DIRECT_OBJC_ISA_USAGE = YES_ERROR;
				CLANG_WARN_DOCUMENTATION_COMMENTS = YES;
				CLANG_WARN_EMPTY_BODY = YES;
				CLANG_WARN_ENUM_CONVERSION = YES;
				CLANG_WARN_INFINITE_RECURSION = YES;
				CLANG_WARN_INT_CONVERSION = YES;
				CLANG_WARN_NON_LITERAL_NULL_CONVERSION = YES;
				CLANG_WARN_OBJC_IMPLICIT_RETAIN_SELF = YES;
				CLANG_WARN_OBJC_LITERAL_CONVERSION = YES;
				CLANG_WARN_OBJC_ROOT_CLASS = YES_ERROR;
				CLANG_WARN_QUOTED_INCLUDE_IN_FRAMEWORK_HEADER = YES;
				CLANG_WARN_RANGE_LOOP_ANALYSIS = YES;
				CLANG_WARN_STRICT_PROTOTYPES = YES;
				CLANG_WARN_SUSPICIOUS_MOVE = YES;
				CLANG_WARN_UNGUARDED_AVAILABILITY = YES_AGGRESSIVE;
				CLANG_WARN_UNREACHABLE_CODE = YES;
				CLANG_WARN__DUPLICATE_METHOD_MATCH = YES;
				COPY_PHASE_STRIP = NO;
				DEBUG_INFORMATION_FORMAT = dwarf;
				DEVELOPMENT_TEAM = 34878H47P6;
				ENABLE_STRICT_OBJC_MSGSEND = YES;
				ENABLE_TESTABILITY = YES;
				ENABLE_USER_SCRIPT_SANDBOXING = YES;
				GCC_C_LANGUAGE_STANDARD = gnu17;
				GCC_DYNAMIC_NO_PIC = NO;
				GCC_NO_COMMON_BLOCKS = YES;
				GCC_OPTIMIZATION_LEVEL = 0;
				GCC_PREPROCESSOR_DEFINITIONS = (
					"DEBUG=1",
					"$(inherited)",
				);
				GCC_WARN_64_TO_32_BIT_CONVERSION = YES;
				GCC_WARN_ABOUT_RETURN_TYPE = YES_ERROR;
				GCC_WARN_UNDECLARED_SELECTOR = YES;
				GCC_WARN_UNINITIALIZED_AUTOS = YES_AGGRESSIVE;
				GCC_WARN_UNUSED_FUNCTION = YES;
				GCC_WARN_UNUSED_VARIABLE = YES;
				IPHONEOS_DEPLOYMENT_TARGET = 26.5;
				LOCALIZATION_PREFERS_STRING_CATALOGS = YES;
				MTL_ENABLE_DEBUG_INFO = INCLUDE_SOURCE;
				MTL_FAST_MATH = YES;
				ONLY_ACTIVE_ARCH = YES;
				SDKROOT = iphoneos;
				SWIFT_ACTIVE_COMPILATION_CONDITIONS = "DEBUG $(inherited)";
				SWIFT_OPTIMIZATION_LEVEL = "-Onone";
			};
			name = Debug;
		};
		DD3C1FA42FD969F700B8AC17 /* Release */ = {
			isa = XCBuildConfiguration;
			buildSettings = {
				ALWAYS_SEARCH_USER_PATHS = NO;
				ASSETCATALOG_COMPILER_GENERATE_SWIFT_ASSET_SYMBOL_EXTENSIONS = YES;
				CLANG_ANALYZER_NONNULL = YES;
				CLANG_ANALYZER_NUMBER_OBJECT_CONVERSION = YES_AGGRESSIVE;
				CLANG_CXX_LANGUAGE_STANDARD = "gnu++20";
				CLANG_ENABLE_MODULES = YES;
				CLANG_ENABLE_OBJC_ARC = YES;
				CLANG_ENABLE_OBJC_WEAK = YES;
				CLANG_WARN_BLOCK_CAPTURE_AUTORELEASING = YES;
				CLANG_WARN_BOOL_CONVERSION = YES;
				CLANG_WARN_COMMA = YES;
				CLANG_WARN_CONSTANT_CONVERSION = YES;
				CLANG_WARN_DEPRECATED_OBJC_IMPLEMENTATIONS = YES;
				CLANG_WARN_DIRECT_OBJC_ISA_USAGE = YES_ERROR;
				CLANG_WARN_DOCUMENTATION_COMMENTS = YES;
				CLANG_WARN_EMPTY_BODY = YES;
				CLANG_WARN_ENUM_CONVERSION = YES;
				CLANG_WARN_INFINITE_RECURSION = YES;
				CLANG_WARN_INT_CONVERSION = YES;
				CLANG_WARN_NON_LITERAL_NULL_CONVERSION = YES;
				CLANG_WARN_OBJC_IMPLICIT_RETAIN_SELF = YES;
				CLANG_WARN_OBJC_LITERAL_CONVERSION = YES;
				CLANG_WARN_OBJC_ROOT_CLASS = YES_ERROR;
				CLANG_WARN_QUOTED_INCLUDE_IN_FRAMEWORK_HEADER = YES;
				CLANG_WARN_RANGE_LOOP_ANALYSIS = YES;
				CLANG_WARN_STRICT_PROTOTYPES = YES;
				CLANG_WARN_SUSPICIOUS_MOVE = YES;
				CLANG_WARN_UNGUARDED_AVAILABILITY = YES_AGGRESSIVE;
				CLANG_WARN_UNREACHABLE_CODE = YES;
				CLANG_WARN__DUPLICATE_METHOD_MATCH = YES;
				COPY_PHASE_STRIP = NO;
				DEBUG_INFORMATION_FORMAT = "dwarf-with-dsym";
				DEVELOPMENT_TEAM = 34878H47P6;
				ENABLE_NS_ASSERTIONS = NO;
				ENABLE_STRICT_OBJC_MSGSEND = YES;
				ENABLE_USER_SCRIPT_SANDBOXING = YES;
				GCC_C_LANGUAGE_STANDARD = gnu17;
				GCC_NO_COMMON_BLOCKS = YES;
				GCC_WARN_64_TO_32_BIT_CONVERSION = YES;
				GCC_WARN_ABOUT_RETURN_TYPE = YES_ERROR;
				GCC_WARN_UNDECLARED_SELECTOR = YES;
				GCC_WARN_UNINITIALIZED_AUTOS = YES_AGGRESSIVE;
				GCC_WARN_UNUSED_FUNCTION = YES;
				GCC_WARN_UNUSED_VARIABLE = YES;
				IPHONEOS_DEPLOYMENT_TARGET = 26.5;
				LOCALIZATION_PREFERS_STRING_CATALOGS = YES;
				MTL_ENABLE_DEBUG_INFO = NO;
				MTL_FAST_MATH = YES;
				SDKROOT = iphoneos;
				SWIFT_COMPILATION_MODE = wholemodule;
				VALIDATE_PRODUCT = YES;
			};
			name = Release;
		};
		DD3C1FA62FD969F700B8AC17 /* Debug */ = {
			isa = XCBuildConfiguration;
			buildSettings = {
				ASSETCATALOG_COMPILER_APPICON_NAME = AppIcon;
				ASSETCATALOG_COMPILER_GLOBAL_ACCENT_COLOR_NAME = AccentColor;
				CODE_SIGN_STYLE = Automatic;
				CURRENT_PROJECT_VERSION = 7;
				DEVELOPMENT_TEAM = 34878H47P6;
				ENABLE_PREVIEWS = YES;
				ENABLE_USER_SCRIPT_SANDBOXING = NO;
				GENERATE_INFOPLIST_FILE = YES;
				INFOPLIST_FILE = "AdMob-Info.plist";
				INFOPLIST_KEY_CFBundleDisplayName = DecibelPro;
				INFOPLIST_KEY_ITSAppUsesNonExemptEncryption = NO;
				INFOPLIST_KEY_LSApplicationCategoryType = "public.app-category.utilities";
				INFOPLIST_KEY_NSCameraUsageDescription = "Camera access is required to record evidence video with decibel overlays.";
				INFOPLIST_KEY_NSLocationWhenInUseUsageDescription = "Location is used to embed GPS coordinates in evidence video.";
				INFOPLIST_KEY_NSMicrophoneUsageDescription = "Microphone access is required to measure noise and record voice-activated audio.";
				INFOPLIST_KEY_NSPhotoLibraryAddUsageDescription = "Photo library access is required to save evidence videos to your album.";
				INFOPLIST_KEY_NSSupportsLiveActivities = YES;
				INFOPLIST_KEY_NSSupportsLiveActivitiesFrequentUpdates = YES;
				INFOPLIST_KEY_NSUserTrackingUsageDescription = "This identifier is used to deliver personalized ads and measure ad performance.";
				INFOPLIST_KEY_UIAppFonts = "DSEG7Classic-Bold.ttf";
				INFOPLIST_KEY_UIApplicationSceneManifest_Generation = YES;
				INFOPLIST_KEY_UIApplicationSupportsIndirectInputEvents = YES;
				INFOPLIST_KEY_UIBackgroundModes = audio;
				INFOPLIST_KEY_UILaunchScreen_Generation = YES;
				INFOPLIST_KEY_UISupportedInterfaceOrientations_iPad = "UIInterfaceOrientationPortrait UIInterfaceOrientationPortraitUpsideDown UIInterfaceOrientationLandscapeLeft UIInterfaceOrientationLandscapeRight";
				INFOPLIST_KEY_UISupportedInterfaceOrientations_iPhone = "UIInterfaceOrientationPortrait UIInterfaceOrientationLandscapeLeft UIInterfaceOrientationLandscapeRight";
				IPHONEOS_DEPLOYMENT_TARGET = 18.6;
				LD_RUNPATH_SEARCH_PATHS = (
					"$(inherited)",
					"@executable_path/Frameworks",
				);
				MARKETING_VERSION = 1.1.0;
				PRODUCT_BUNDLE_IDENTIFIER = com.goodcraft.NoiseRecord;
				PRODUCT_NAME = "$(TARGET_NAME)";
				STRING_CATALOG_GENERATE_SYMBOLS = YES;
				SUPPORTED_PLATFORMS = "iphoneos iphonesimulator";
				SUPPORTS_MACCATALYST = NO;
				SUPPORTS_MAC_DESIGNED_FOR_IPHONE_IPAD = NO;
				SWIFT_APPROACHABLE_CONCURRENCY = YES;
				SWIFT_DEFAULT_ACTOR_ISOLATION = MainActor;
				SWIFT_EMIT_LOC_STRINGS = YES;
				SWIFT_UPCOMING_FEATURE_MEMBER_IMPORT_VISIBILITY = YES;
				SWIFT_VERSION = 5.0;
				TARGETED_DEVICE_FAMILY = 1;
			};
			name = Debug;
		};
		DD3C1FA72FD969F700B8AC17 /* Release */ = {
			isa = XCBuildConfiguration;
			buildSettings = {
				ASSETCATALOG_COMPILER_APPICON_NAME = AppIcon;
				ASSETCATALOG_COMPILER_GLOBAL_ACCENT_COLOR_NAME = AccentColor;
				CODE_SIGN_STYLE = Automatic;
				CURRENT_PROJECT_VERSION = 7;
				DEVELOPMENT_TEAM = 34878H47P6;
				ENABLE_PREVIEWS = NO;
				ENABLE_USER_SCRIPT_SANDBOXING = NO;
				GENERATE_INFOPLIST_FILE = YES;
				INFOPLIST_FILE = "AdMob-Info.plist";
				INFOPLIST_KEY_CFBundleDisplayName = DecibelPro;
				INFOPLIST_KEY_ITSAppUsesNonExemptEncryption = NO;
				INFOPLIST_KEY_LSApplicationCategoryType = "public.app-category.utilities";
				INFOPLIST_KEY_NSCameraUsageDescription = "Camera access is required to record evidence video with decibel overlays.";
				INFOPLIST_KEY_NSLocationWhenInUseUsageDescription = "Location is used to embed GPS coordinates in evidence video.";
				INFOPLIST_KEY_NSMicrophoneUsageDescription = "Microphone access is required to measure noise and record voice-activated audio.";
				INFOPLIST_KEY_NSPhotoLibraryAddUsageDescription = "Photo library access is required to save evidence videos to your album.";
				INFOPLIST_KEY_NSSupportsLiveActivities = YES;
				INFOPLIST_KEY_NSSupportsLiveActivitiesFrequentUpdates = YES;
				INFOPLIST_KEY_NSUserTrackingUsageDescription = "This identifier is used to deliver personalized ads and measure ad performance.";
				INFOPLIST_KEY_UIAppFonts = "DSEG7Classic-Bold.ttf";
				INFOPLIST_KEY_UIApplicationSceneManifest_Generation = YES;
				INFOPLIST_KEY_UIApplicationSupportsIndirectInputEvents = YES;
				INFOPLIST_KEY_UIBackgroundModes = audio;
				INFOPLIST_KEY_UILaunchScreen_Generation = YES;
				INFOPLIST_KEY_UISupportedInterfaceOrientations_iPad = "UIInterfaceOrientationPortrait UIInterfaceOrientationPortraitUpsideDown UIInterfaceOrientationLandscapeLeft UIInterfaceOrientationLandscapeRight";
				INFOPLIST_KEY_UISupportedInterfaceOrientations_iPhone = "UIInterfaceOrientationPortrait UIInterfaceOrientationLandscapeLeft UIInterfaceOrientationLandscapeRight";
				IPHONEOS_DEPLOYMENT_TARGET = 18.6;
				LD_RUNPATH_SEARCH_PATHS = (
					"$(inherited)",
					"@executable_path/Frameworks",
				);
				MARKETING_VERSION = 1.1.0;
				PRODUCT_BUNDLE_IDENTIFIER = com.goodcraft.NoiseRecord;
				PRODUCT_NAME = "$(TARGET_NAME)";
				STRING_CATALOG_GENERATE_SYMBOLS = YES;
				SUPPORTED_PLATFORMS = "iphoneos iphonesimulator";
				SUPPORTS_MACCATALYST = NO;
				SUPPORTS_MAC_DESIGNED_FOR_IPHONE_IPAD = NO;
				SWIFT_APPROACHABLE_CONCURRENCY = YES;
				SWIFT_DEFAULT_ACTOR_ISOLATION = MainActor;
				SWIFT_EMIT_LOC_STRINGS = YES;
				SWIFT_UPCOMING_FEATURE_MEMBER_IMPORT_VISIBILITY = YES;
				SWIFT_VERSION = 5.0;
				TARGETED_DEVICE_FAMILY = 1;
			};
			name = Release;
		};
		LAEXTDBG00000000000001 /* Debug */ = {
			isa = XCBuildConfiguration;
			buildSettings = {
				CODE_SIGN_STYLE = Automatic;
				CURRENT_PROJECT_VERSION = 2;
				DEVELOPMENT_TEAM = 34878H47P6;
				GENERATE_INFOPLIST_FILE = NO;
				INFOPLIST_FILE = DecibelProLiveActivity/Info.plist;
				IPHONEOS_DEPLOYMENT_TARGET = 18.6;
				LD_RUNPATH_SEARCH_PATHS = (
					"$(inherited)",
					"@executable_path/Frameworks",
					"@executable_path/../../Frameworks",
				);
				MARKETING_VERSION = 1.1.0;
				PRODUCT_BUNDLE_IDENTIFIER = com.goodcraft.NoiseRecord.liveactivity;
				PRODUCT_NAME = "$(TARGET_NAME)";
				SKIP_INSTALL = YES;
				SUPPORTED_PLATFORMS = "iphoneos iphonesimulator";
				SWIFT_APPROACHABLE_CONCURRENCY = YES;
				SWIFT_EMIT_LOC_STRINGS = YES;
				SWIFT_UPCOMING_FEATURE_MEMBER_IMPORT_VISIBILITY = YES;
				SWIFT_VERSION = 5.0;
				TARGETED_DEVICE_FAMILY = 1;
			};
			name = Debug;
		};
		LAEXTREL00000000000001 /* Release */ = {
			isa = XCBuildConfiguration;
			buildSettings = {
				CODE_SIGN_STYLE = Automatic;
				CURRENT_PROJECT_VERSION = 2;
				DEVELOPMENT_TEAM = 34878H47P6;
				GENERATE_INFOPLIST_FILE = NO;
				INFOPLIST_FILE = DecibelProLiveActivity/Info.plist;
				IPHONEOS_DEPLOYMENT_TARGET = 18.6;
				LD_RUNPATH_SEARCH_PATHS = (
					"$(inherited)",
					"@executable_path/Frameworks",
					"@executable_path/../../Frameworks",
				);
				MARKETING_VERSION = 1.1.0;
				PRODUCT_BUNDLE_IDENTIFIER = com.goodcraft.NoiseRecord.liveactivity;
				PRODUCT_NAME = "$(TARGET_NAME)";
				SKIP_INSTALL = YES;
				SUPPORTED_PLATFORMS = "iphoneos iphonesimulator";
				SWIFT_APPROACHABLE_CONCURRENCY = YES;
				SWIFT_EMIT_LOC_STRINGS = YES;
				SWIFT_UPCOMING_FEATURE_MEMBER_IMPORT_VISIBILITY = YES;
				SWIFT_VERSION = 5.0;
				TARGETED_DEVICE_FAMILY = 1;
			};
			name = Release;
		};
		TEST009TESTS00000000000001 /* Debug */ = {
			isa = XCBuildConfiguration;
			buildSettings = {
				BUNDLE_LOADER = "$(TEST_HOST)";
				CODE_SIGN_STYLE = Automatic;
				CURRENT_PROJECT_VERSION = 1;
				DEVELOPMENT_TEAM = 34878H47P6;
				GENERATE_INFOPLIST_FILE = YES;
				IPHONEOS_DEPLOYMENT_TARGET = 18.6;
				MARKETING_VERSION = 1.0;
				PRODUCT_BUNDLE_IDENTIFIER = com.goodcraft.NoiseRecordTests;
				PRODUCT_NAME = "$(TARGET_NAME)";
				SWIFT_EMIT_LOC_STRINGS = NO;
				SWIFT_VERSION = 5.0;
				TARGETED_DEVICE_FAMILY = "1,2";
				TEST_HOST = "$(BUILT_PRODUCTS_DIR)/NoiseRecord.app/$(BUNDLE_EXECUTABLE_FOLDER_PATH)/NoiseRecord";
			};
			name = Debug;
		};
		TEST010TESTS00000000000001 /* Release */ = {
			isa = XCBuildConfiguration;
			buildSettings = {
				BUNDLE_LOADER = "$(TEST_HOST)";
				CODE_SIGN_STYLE = Automatic;
				CURRENT_PROJECT_VERSION = 1;
				DEVELOPMENT_TEAM = 34878H47P6;
				GENERATE_INFOPLIST_FILE = YES;
				IPHONEOS_DEPLOYMENT_TARGET = 18.6;
				MARKETING_VERSION = 1.0;
				PRODUCT_BUNDLE_IDENTIFIER = com.goodcraft.NoiseRecordTests;
				PRODUCT_NAME = "$(TARGET_NAME)";
				SWIFT_EMIT_LOC_STRINGS = NO;
				SWIFT_VERSION = 5.0;
				TARGETED_DEVICE_FAMILY = "1,2";
				TEST_HOST = "$(BUILT_PRODUCTS_DIR)/NoiseRecord.app/$(BUNDLE_EXECUTABLE_FOLDER_PATH)/NoiseRecord";
			};
			name = Release;
		};
/* End XCBuildConfiguration section */

/* Begin XCConfigurationList section */
		DD3C1F932FD969F500B8AC17 /* Build configuration list for PBXProject "NoiseRecord" */ = {
			isa = XCConfigurationList;
			buildConfigurations = (
				DD3C1FA32FD969F700B8AC17 /* Debug */,
				DD3C1FA42FD969F700B8AC17 /* Release */,
			);
			defaultConfigurationIsVisible = 0;
			defaultConfigurationName = Release;
		};
		DD3C1FA52FD969F700B8AC17 /* Build configuration list for PBXNativeTarget "NoiseRecord" */ = {
			isa = XCConfigurationList;
			buildConfigurations = (
				DD3C1FA62FD969F700B8AC17 /* Debug */,
				DD3C1FA72FD969F700B8AC17 /* Release */,
			);
			defaultConfigurationIsVisible = 0;
			defaultConfigurationName = Release;
		};
		LAEXTCFGLIST0000000001 /* Build configuration list for PBXNativeTarget "DecibelProLiveActivityExtension" */ = {
			isa = XCConfigurationList;
			buildConfigurations = (
				LAEXTDBG00000000000001 /* Debug */,
				LAEXTREL00000000000001 /* Release */,
			);
			defaultConfigurationIsVisible = 0;
			defaultConfigurationName = Release;
		};
		TEST011TESTS00000000000001 /* Build configuration list for PBXNativeTarget "NoiseRecordTests" */ = {
			isa = XCConfigurationList;
			buildConfigurations = (
				TEST009TESTS00000000000001 /* Debug */,
				TEST010TESTS00000000000001 /* Release */,
			);
			defaultConfigurationIsVisible = 0;
			defaultConfigurationName = Release;
		};
/* End XCConfigurationList section */

/* Begin XCRemoteSwiftPackageReference section */
		ADMOB001PKGREF00001 /* XCRemoteSwiftPackageReference "swift-package-manager-google-mobile-ads" */ = {
			isa = XCRemoteSwiftPackageReference;
			repositoryURL = "https://github.com/googleads/swift-package-manager-google-mobile-ads.git";
			requirement = {
				kind = upToNextMajorVersion;
				minimumVersion = 12.0.0;
			};
		};
		FB001PKGREF000000000001 /* XCRemoteSwiftPackageReference "firebase-ios-sdk" */ = {
			isa = XCRemoteSwiftPackageReference;
			repositoryURL = "https://github.com/firebase/firebase-ios-sdk";
			requirement = {
				kind = upToNextMajorVersion;
				minimumVersion = 11.0.0;
			};
		};
		UMP001PKGREF00001 /* XCRemoteSwiftPackageReference "swift-package-manager-google-user-messaging-platform" */ = {
			isa = XCRemoteSwiftPackageReference;
			repositoryURL = "https://github.com/googleads/swift-package-manager-google-user-messaging-platform.git";
			requirement = {
				kind = upToNextMajorVersion;
				minimumVersion = 2.0.0;
			};
		};
/* End XCRemoteSwiftPackageReference section */

/* Begin XCSwiftPackageProductDependency section */
		ADMOB002PRODUCT0001 /* GoogleMobileAds */ = {
			isa = XCSwiftPackageProductDependency;
			package = ADMOB001PKGREF00001 /* XCRemoteSwiftPackageReference "swift-package-manager-google-mobile-ads" */;
			productName = GoogleMobileAds;
		};
		FB002ANALYTICS000000001 /* FirebaseAnalytics */ = {
			isa = XCSwiftPackageProductDependency;
			package = FB001PKGREF000000000001 /* XCRemoteSwiftPackageReference "firebase-ios-sdk" */;
			productName = FirebaseAnalytics;
		};
		FB003CRASHLYTICS000001 /* FirebaseCrashlytics */ = {
			isa = XCSwiftPackageProductDependency;
			package = FB001PKGREF000000000001 /* XCRemoteSwiftPackageReference "firebase-ios-sdk" */;
			productName = FirebaseCrashlytics;
		};
		UMP002PRODUCT0001 /* GoogleUserMessagingPlatform */ = {
			isa = XCSwiftPackageProductDependency;
			package = UMP001PKGREF00001 /* XCRemoteSwiftPackageReference "swift-package-manager-google-user-messaging-platform" */;
			productName = GoogleUserMessagingPlatform;
		};
/* End XCSwiftPackageProductDependency section */
	};
	rootObject = DD3C1F902FD969F500B8AC17 /* Project object */;
}
